
Microsoft Visual Studio Solution File, Format Version 12.00
# Visual Studio Version 16
VisualStudioVersion = 16.0.29613.14
MinimumVisualStudioVersion = 10.0.40219.1
Project("{FAE04EC0-301F-11D3-BF4B-00C04F79EFBC}") = "test_github", "test_github.csproj", "{DB77C7B3-4F35-44E5-AECA-78462C4FC63F}"
EndProject
Global
	GlobalSection(SolutionConfigurationPlatforms) = preSolution
		Debug|Any CPU = Debug|Any CPU
		Release|Any CPU = Release|Any CPU
	EndGlobalSection
	GlobalSection(ProjectConfigurationPlatforms) = postSolution
		{DB77C7B3-4F35-44E5-AECA-78462C4FC63F}.Debug|Any CPU.ActiveCfg = Debug|Any CPU
		{DB77C7B3-4F35-44E5-AECA-78462C4FC63F}.Debug|Any CPU.Build.0 = Debug|Any CPU
		{DB77C7B3-4F35-44E5-AECA-78462C4FC63F}.Release|Any CPU.ActiveCfg = Release|Any CPU
		{DB77C7B3-4F35-44E5-AECA-78462C4FC63F}.Release|Any CPU.Build.0 = Release|Any CPU
	EndGlobalSection
	GlobalSection(SolutionProperties) = preSolution
		HideSolutionNode = FALSE
	EndGlobalSection
	GlobalSection(ExtensibilityGlobals) = postSolution
		SolutionGuid = {84CCA907-DC3D-44DF-9CCD-34423DDF910E}
	EndGlobalSection
EndGlobal
